
Microsoft Visual Studio Solution File, Format Version 11.00
# Visual Studio 2010
Project("{2150E333-8FDC-42A3-9474-1A3956D46DE8}") = "01 Libs", "01 Libs", "{671EA85F-5F9A-4C59-8C25-0649DE02C6D3}"
EndProject
Project("{2150E333-8FDC-42A3-9474-1A3956D46DE8}") = "02 Utils", "02 Utils", "{D14A770C-1B48-4E98-A494-19345CCF37CC}"
EndProject
Project("{2150E333-8FDC-42A3-9474-1A3956D46DE8}") = "03 Guis", "03 Guis", "{F61C7CC3-C439-466A-8113-BD196F9A2A4D}"
EndProject
Project("{FAE04EC0-301F-11D3-BF4B-00C04F79EFBC}") = "Boris.BeekProject.Model", "Boris.BeekProject.Model\Boris.BeekProject.Model.csproj", "{7A10D58A-1F92-462E-B722-034EF25AE2F3}"
EndProject
Project("{FAE04EC0-301F-11D3-BF4B-00C04F79EFBC}") = "Boris.BeekProject.Services", "Boris.BeekProject.Services\Boris.BeekProject.Services.csproj", "{1F4C8DAC-4248-4FC3-8422-310D51851F31}"
EndProject
Project("{FAE04EC0-301F-11D3-BF4B-00C04F79EFBC}") = "Boris.Utils.Strings", "..\Boris.Utils\Boris.Utils.Strings\Boris.Utils.Strings.csproj", "{460BCD98-0AD7-4536-9DFB-B38D33E1BF13}"
EndProject
Project("{FAE04EC0-301F-11D3-BF4B-00C04F79EFBC}") = "Boris.Utils.Mvc", "..\Boris.Utils\Boris.Utils.Mvc\Boris.Utils.Mvc.csproj", "{53B4AE97-8674-4A6D-96B5-42850DABF73D}"
EndProject
Project("{FAE04EC0-301F-11D3-BF4B-00C04F79EFBC}") = "Boris.BeekProject.Model.Tests", "Boris.BeekProject.Model.Tests\Boris.BeekProject.Model.Tests.csproj", "{31EACC69-F5D9-4315-BB3E-44F3FBE7B714}"
EndProject
Project("{FAE04EC0-301F-11D3-BF4B-00C04F79EFBC}") = "Boris.Utils.IO", "..\Boris.Utils\Boris.Utils.IO\Boris.Utils.IO.csproj", "{ED162812-90E3-4D4F-A47E-C5D0297D51D5}"
EndProject
Project("{FAE04EC0-301F-11D3-BF4B-00C04F79EFBC}") = "Boris.Utils.Security", "..\Boris.Utils\Boris.Utils.Security\Boris.Utils.Security.csproj", "{541CEE5E-8BA8-486E-8FB4-6845543E2298}"
EndProject
Project("{FAE04EC0-301F-11D3-BF4B-00C04F79EFBC}") = "Boris.Utils.Html", "..\Boris.Utils\Boris.Utils.Html\Boris.Utils.Html.csproj", "{AF365B66-9ED4-4B01-BD6A-030834819334}"
EndProject
Project("{FAE04EC0-301F-11D3-BF4B-00C04F79EFBC}") = "Boris.Utils.Enums", "..\Boris.Utils\Boris.Utils.Enums\Boris.Utils.Enums.csproj", "{6169EBC9-49DC-48B7-B6F5-96CEEED47AB7}"
EndProject
Project("{FAE04EC0-301F-11D3-BF4B-00C04F79EFBC}") = "Boris.BeekProject.Guis.Web", "Boris.BeekProject.Guis.Web\Boris.BeekProject.Guis.Web.csproj", "{A230025B-0819-4860-AED5-6AC0D9BBC52D}"
EndProject
Project("{FAE04EC0-301F-11D3-BF4B-00C04F79EFBC}") = "Boris.Utils.Tests", "..\Boris.Utils\Boris.Utils.Tests\Boris.Utils.Tests.csproj", "{27692504-5D68-414F-95C4-7AF93327CF06}"
EndProject
Global
	GlobalSection(TestCaseManagementSettings) = postSolution
		CategoryFile = Boris.BeekProject.vsmdi
	EndGlobalSection
	GlobalSection(SolutionConfigurationPlatforms) = preSolution
		Debug|Any CPU = Debug|Any CPU
		Debug|Mixed Platforms = Debug|Mixed Platforms
		Debug|x86 = Debug|x86
		Release|Any CPU = Release|Any CPU
		Release|Mixed Platforms = Release|Mixed Platforms
		Release|x86 = Release|x86
	EndGlobalSection
	GlobalSection(ProjectConfigurationPlatforms) = postSolution
		{7A10D58A-1F92-462E-B722-034EF25AE2F3}.Debug|Any CPU.ActiveCfg = Debug|Any CPU
		{7A10D58A-1F92-462E-B722-034EF25AE2F3}.Debug|Any CPU.Build.0 = Debug|Any CPU
		{7A10D58A-1F92-462E-B722-034EF25AE2F3}.Debug|Mixed Platforms.ActiveCfg = Debug|Any CPU
		{7A10D58A-1F92-462E-B722-034EF25AE2F3}.Debug|Mixed Platforms.Build.0 = Debug|Any CPU
		{7A10D58A-1F92-462E-B722-034EF25AE2F3}.Debug|x86.ActiveCfg = Debug|Any CPU
		{7A10D58A-1F92-462E-B722-034EF25AE2F3}.Release|Any CPU.ActiveCfg = Release|Any CPU
		{7A10D58A-1F92-462E-B722-034EF25AE2F3}.Release|Any CPU.Build.0 = Release|Any CPU
		{7A10D58A-1F92-462E-B722-034EF25AE2F3}.Release|Mixed Platforms.ActiveCfg = Release|Any CPU
		{7A10D58A-1F92-462E-B722-034EF25AE2F3}.Release|Mixed Platforms.Build.0 = Release|Any CPU
		{7A10D58A-1F92-462E-B722-034EF25AE2F3}.Release|x86.ActiveCfg = Release|Any CPU
		{1F4C8DAC-4248-4FC3-8422-310D51851F31}.Debug|Any CPU.ActiveCfg = Debug|Any CPU
		{1F4C8DAC-4248-4FC3-8422-310D51851F31}.Debug|Any CPU.Build.0 = Debug|Any CPU
		{1F4C8DAC-4248-4FC3-8422-310D51851F31}.Debug|Mixed Platforms.ActiveCfg = Debug|Any CPU
		{1F4C8DAC-4248-4FC3-8422-310D51851F31}.Debug|Mixed Platforms.Build.0 = Debug|Any CPU
		{1F4C8DAC-4248-4FC3-8422-310D51851F31}.Debug|x86.ActiveCfg = Debug|Any CPU
		{1F4C8DAC-4248-4FC3-8422-310D51851F31}.Release|Any CPU.ActiveCfg = Release|Any CPU
		{1F4C8DAC-4248-4FC3-8422-310D51851F31}.Release|Any CPU.Build.0 = Release|Any CPU
		{1F4C8DAC-4248-4FC3-8422-310D51851F31}.Release|Mixed Platforms.ActiveCfg = Release|Any CPU
		{1F4C8DAC-4248-4FC3-8422-310D51851F31}.Release|Mixed Platforms.Build.0 = Release|Any CPU
		{1F4C8DAC-4248-4FC3-8422-310D51851F31}.Release|x86.ActiveCfg = Release|Any CPU
		{460BCD98-0AD7-4536-9DFB-B38D33E1BF13}.Debug|Any CPU.ActiveCfg = Debug|Any CPU
		{460BCD98-0AD7-4536-9DFB-B38D33E1BF13}.Debug|Any CPU.Build.0 = Debug|Any CPU
		{460BCD98-0AD7-4536-9DFB-B38D33E1BF13}.Debug|Mixed Platforms.ActiveCfg = Debug|Any CPU
		{460BCD98-0AD7-4536-9DFB-B38D33E1BF13}.Debug|Mixed Platforms.Build.0 = Debug|Any CPU
		{460BCD98-0AD7-4536-9DFB-B38D33E1BF13}.Debug|x86.ActiveCfg = Debug|Any CPU
		{460BCD98-0AD7-4536-9DFB-B38D33E1BF13}.Release|Any CPU.ActiveCfg = Release|Any CPU
		{460BCD98-0AD7-4536-9DFB-B38D33E1BF13}.Release|Any CPU.Build.0 = Release|Any CPU
		{460BCD98-0AD7-4536-9DFB-B38D33E1BF13}.Release|Mixed Platforms.ActiveCfg = Release|Any CPU
		{460BCD98-0AD7-4536-9DFB-B38D33E1BF13}.Release|Mixed Platforms.Build.0 = Release|Any CPU
		{460BCD98-0AD7-4536-9DFB-B38D33E1BF13}.Release|x86.ActiveCfg = Release|Any CPU
		{53B4AE97-8674-4A6D-96B5-42850DABF73D}.Debug|Any CPU.ActiveCfg = Debug|Any CPU
		{53B4AE97-8674-4A6D-96B5-42850DABF73D}.Debug|Any CPU.Build.0 = Debug|Any CPU
		{53B4AE97-8674-4A6D-96B5-42850DABF73D}.Debug|Mixed Platforms.ActiveCfg = Debug|Any CPU
		{53B4AE97-8674-4A6D-96B5-42850DABF73D}.Debug|Mixed Platforms.Build.0 = Debug|Any CPU
		{53B4AE97-8674-4A6D-96B5-42850DABF73D}.Debug|x86.ActiveCfg = Debug|Any CPU
		{53B4AE97-8674-4A6D-96B5-42850DABF73D}.Release|Any CPU.ActiveCfg = Release|Any CPU
		{53B4AE97-8674-4A6D-96B5-42850DABF73D}.Release|Any CPU.Build.0 = Release|Any CPU
		{53B4AE97-8674-4A6D-96B5-42850DABF73D}.Release|Mixed Platforms.ActiveCfg = Release|Any CPU
		{53B4AE97-8674-4A6D-96B5-42850DABF73D}.Release|Mixed Platforms.Build.0 = Release|Any CPU
		{53B4AE97-8674-4A6D-96B5-42850DABF73D}.Release|x86.ActiveCfg = Release|Any CPU
		{31EACC69-F5D9-4315-BB3E-44F3FBE7B714}.Debug|Any CPU.ActiveCfg = Debug|Any CPU
		{31EACC69-F5D9-4315-BB3E-44F3FBE7B714}.Debug|Any CPU.Build.0 = Debug|Any CPU
		{31EACC69-F5D9-4315-BB3E-44F3FBE7B714}.Debug|Mixed Platforms.ActiveCfg = Debug|Any CPU
		{31EACC69-F5D9-4315-BB3E-44F3FBE7B714}.Debug|Mixed Platforms.Build.0 = Debug|Any CPU
		{31EACC69-F5D9-4315-BB3E-44F3FBE7B714}.Debug|x86.ActiveCfg = Debug|Any CPU
		{31EACC69-F5D9-4315-BB3E-44F3FBE7B714}.Release|Any CPU.ActiveCfg = Release|Any CPU
		{31EACC69-F5D9-4315-BB3E-44F3FBE7B714}.Release|Any CPU.Build.0 = Release|Any CPU
		{31EACC69-F5D9-4315-BB3E-44F3FBE7B714}.Release|Mixed Platforms.ActiveCfg = Release|Any CPU
		{31EACC69-F5D9-4315-BB3E-44F3FBE7B714}.Release|Mixed Platforms.Build.0 = Release|Any CPU
		{31EACC69-F5D9-4315-BB3E-44F3FBE7B714}.Release|x86.ActiveCfg = Release|Any CPU
		{ED162812-90E3-4D4F-A47E-C5D0297D51D5}.Debug|Any CPU.ActiveCfg = Debug|Any CPU
		{ED162812-90E3-4D4F-A47E-C5D0297D51D5}.Debug|Any CPU.Build.0 = Debug|Any CPU
		{ED162812-90E3-4D4F-A47E-C5D0297D51D5}.Debug|Mixed Platforms.ActiveCfg = Debug|Any CPU
		{ED162812-90E3-4D4F-A47E-C5D0297D51D5}.Debug|Mixed Platforms.Build.0 = Debug|Any CPU
		{ED162812-90E3-4D4F-A47E-C5D0297D51D5}.Debug|x86.ActiveCfg = Debug|Any CPU
		{ED162812-90E3-4D4F-A47E-C5D0297D51D5}.Release|Any CPU.ActiveCfg = Release|Any CPU
		{ED162812-90E3-4D4F-A47E-C5D0297D51D5}.Release|Any CPU.Build.0 = Release|Any CPU
		{ED162812-90E3-4D4F-A47E-C5D0297D51D5}.Release|Mixed Platforms.ActiveCfg = Release|Any CPU
		{ED162812-90E3-4D4F-A47E-C5D0297D51D5}.Release|Mixed Platforms.Build.0 = Release|Any CPU
		{ED162812-90E3-4D4F-A47E-C5D0297D51D5}.Release|x86.ActiveCfg = Release|Any CPU
		{541CEE5E-8BA8-486E-8FB4-6845543E2298}.Debug|Any CPU.ActiveCfg = Debug|Any CPU
		{541CEE5E-8BA8-486E-8FB4-6845543E2298}.Debug|Any CPU.Build.0 = Debug|Any CPU
		{541CEE5E-8BA8-486E-8FB4-6845543E2298}.Debug|Mixed Platforms.ActiveCfg = Debug|Any CPU
		{541CEE5E-8BA8-486E-8FB4-6845543E2298}.Debug|Mixed Platforms.Build.0 = Debug|Any CPU
		{541CEE5E-8BA8-486E-8FB4-6845543E2298}.Debug|x86.ActiveCfg = Debug|Any CPU
		{541CEE5E-8BA8-486E-8FB4-6845543E2298}.Release|Any CPU.ActiveCfg = Release|Any CPU
		{541CEE5E-8BA8-486E-8FB4-6845543E2298}.Release|Any CPU.Build.0 = Release|Any CPU
		{541CEE5E-8BA8-486E-8FB4-6845543E2298}.Release|Mixed Platforms.ActiveCfg = Release|Any CPU
		{541CEE5E-8BA8-486E-8FB4-6845543E2298}.Release|Mixed Platforms.Build.0 = Release|Any CPU
		{541CEE5E-8BA8-486E-8FB4-6845543E2298}.Release|x86.ActiveCfg = Release|Any CPU
		{AF365B66-9ED4-4B01-BD6A-030834819334}.Debug|Any CPU.ActiveCfg = Debug|Any CPU
		{AF365B66-9ED4-4B01-BD6A-030834819334}.Debug|Any CPU.Build.0 = Debug|Any CPU
		{AF365B66-9ED4-4B01-BD6A-030834819334}.Debug|Mixed Platforms.ActiveCfg = Debug|Any CPU
		{AF365B66-9ED4-4B01-BD6A-030834819334}.Debug|Mixed Platforms.Build.0 = Debug|Any CPU
		{AF365B66-9ED4-4B01-BD6A-030834819334}.Debug|x86.ActiveCfg = Debug|Any CPU
		{AF365B66-9ED4-4B01-BD6A-030834819334}.Release|Any CPU.ActiveCfg = Release|Any CPU
		{AF365B66-9ED4-4B01-BD6A-030834819334}.Release|Any CPU.Build.0 = Release|Any CPU
		{AF365B66-9ED4-4B01-BD6A-030834819334}.Release|Mixed Platforms.ActiveCfg = Release|Any CPU
		{AF365B66-9ED4-4B01-BD6A-030834819334}.Release|Mixed Platforms.Build.0 = Release|Any CPU
		{AF365B66-9ED4-4B01-BD6A-030834819334}.Release|x86.ActiveCfg = Release|Any CPU
		{6169EBC9-49DC-48B7-B6F5-96CEEED47AB7}.Debug|Any CPU.ActiveCfg = Debug|Any CPU
		{6169EBC9-49DC-48B7-B6F5-96CEEED47AB7}.Debug|Any CPU.Build.0 = Debug|Any CPU
		{6169EBC9-49DC-48B7-B6F5-96CEEED47AB7}.Debug|Mixed Platforms.ActiveCfg = Debug|Any CPU
		{6169EBC9-49DC-48B7-B6F5-96CEEED47AB7}.Debug|Mixed Platforms.Build.0 = Debug|Any CPU
		{6169EBC9-49DC-48B7-B6F5-96CEEED47AB7}.Debug|x86.ActiveCfg = Debug|Any CPU
		{6169EBC9-49DC-48B7-B6F5-96CEEED47AB7}.Release|Any CPU.ActiveCfg = Release|Any CPU
		{6169EBC9-49DC-48B7-B6F5-96CEEED47AB7}.Release|Any CPU.Build.0 = Release|Any CPU
		{6169EBC9-49DC-48B7-B6F5-96CEEED47AB7}.Release|Mixed Platforms.ActiveCfg = Release|Any CPU
		{6169EBC9-49DC-48B7-B6F5-96CEEED47AB7}.Release|Mixed Platforms.Build.0 = Release|Any CPU
		{6169EBC9-49DC-48B7-B6F5-96CEEED47AB7}.Release|x86.ActiveCfg = Release|Any CPU
		{A230025B-0819-4860-AED5-6AC0D9BBC52D}.Debug|Any CPU.ActiveCfg = Debug|Any CPU
		{A230025B-0819-4860-AED5-6AC0D9BBC52D}.Debug|Any CPU.Build.0 = Debug|Any CPU
		{A230025B-0819-4860-AED5-6AC0D9BBC52D}.Debug|Mixed Platforms.ActiveCfg = Debug|Any CPU
		{A230025B-0819-4860-AED5-6AC0D9BBC52D}.Debug|Mixed Platforms.Build.0 = Debug|Any CPU
		{A230025B-0819-4860-AED5-6AC0D9BBC52D}.Debug|x86.ActiveCfg = Debug|Any CPU
		{A230025B-0819-4860-AED5-6AC0D9BBC52D}.Release|Any CPU.ActiveCfg = Release|Any CPU
		{A230025B-0819-4860-AED5-6AC0D9BBC52D}.Release|Any CPU.Build.0 = Release|Any CPU
		{A230025B-0819-4860-AED5-6AC0D9BBC52D}.Release|Mixed Platforms.ActiveCfg = Release|Any CPU
		{A230025B-0819-4860-AED5-6AC0D9BBC52D}.Release|Mixed Platforms.Build.0 = Release|Any CPU
		{A230025B-0819-4860-AED5-6AC0D9BBC52D}.Release|x86.ActiveCfg = Release|Any CPU
		{27692504-5D68-414F-95C4-7AF93327CF06}.Debug|Any CPU.ActiveCfg = Debug|Any CPU
		{27692504-5D68-414F-95C4-7AF93327CF06}.Debug|Any CPU.Build.0 = Debug|Any CPU
		{27692504-5D68-414F-95C4-7AF93327CF06}.Debug|Mixed Platforms.ActiveCfg = Debug|Any CPU
		{27692504-5D68-414F-95C4-7AF93327CF06}.Debug|Mixed Platforms.Build.0 = Debug|Any CPU
		{27692504-5D68-414F-95C4-7AF93327CF06}.Debug|x86.ActiveCfg = Debug|Any CPU
		{27692504-5D68-414F-95C4-7AF93327CF06}.Release|Any CPU.ActiveCfg = Release|Any CPU
		{27692504-5D68-414F-95C4-7AF93327CF06}.Release|Any CPU.Build.0 = Release|Any CPU
		{27692504-5D68-414F-95C4-7AF93327CF06}.Release|Mixed Platforms.ActiveCfg = Release|Any CPU
		{27692504-5D68-414F-95C4-7AF93327CF06}.Release|Mixed Platforms.Build.0 = Release|Any CPU
		{27692504-5D68-414F-95C4-7AF93327CF06}.Release|x86.ActiveCfg = Release|Any CPU
	EndGlobalSection
	GlobalSection(SolutionProperties) = preSolution
		HideSolutionNode = FALSE
	EndGlobalSection
	GlobalSection(NestedProjects) = preSolution
		{7A10D58A-1F92-462E-B722-034EF25AE2F3} = {671EA85F-5F9A-4C59-8C25-0649DE02C6D3}
		{1F4C8DAC-4248-4FC3-8422-310D51851F31} = {671EA85F-5F9A-4C59-8C25-0649DE02C6D3}
		{31EACC69-F5D9-4315-BB3E-44F3FBE7B714} = {671EA85F-5F9A-4C59-8C25-0649DE02C6D3}
		{460BCD98-0AD7-4536-9DFB-B38D33E1BF13} = {D14A770C-1B48-4E98-A494-19345CCF37CC}
		{53B4AE97-8674-4A6D-96B5-42850DABF73D} = {D14A770C-1B48-4E98-A494-19345CCF37CC}
		{ED162812-90E3-4D4F-A47E-C5D0297D51D5} = {D14A770C-1B48-4E98-A494-19345CCF37CC}
		{541CEE5E-8BA8-486E-8FB4-6845543E2298} = {D14A770C-1B48-4E98-A494-19345CCF37CC}
		{AF365B66-9ED4-4B01-BD6A-030834819334} = {D14A770C-1B48-4E98-A494-19345CCF37CC}
		{6169EBC9-49DC-48B7-B6F5-96CEEED47AB7} = {D14A770C-1B48-4E98-A494-19345CCF37CC}
		{27692504-5D68-414F-95C4-7AF93327CF06} = {D14A770C-1B48-4E98-A494-19345CCF37CC}
		{A230025B-0819-4860-AED5-6AC0D9BBC52D} = {F61C7CC3-C439-466A-8113-BD196F9A2A4D}
	EndGlobalSection
EndGlobal
