
Microsoft Visual Studio Solution File, Format Version 10.00
# Visual Studio 2008
Project("{2150E333-8FDC-42A3-9474-1A3956D46DE8}") = "01 Libs", "01 Libs", "{671EA85F-5F9A-4C59-8C25-0649DE02C6D3}"
EndProject
Project("{2150E333-8FDC-42A3-9474-1A3956D46DE8}") = "02 Utils", "02 Utils", "{D14A770C-1B48-4E98-A494-19345CCF37CC}"
EndProject
Project("{2150E333-8FDC-42A3-9474-1A3956D46DE8}") = "03 Guis", "03 Guis", "{F61C7CC3-C439-466A-8113-BD196F9A2A4D}"
EndProject
Project("{FAE04EC0-301F-11D3-BF4B-00C04F79EFBC}") = "Boris.Utils.NHaml", "..\Boris.Utils\Boris.Utils.NHaml\Boris.Utils.NHaml.csproj", "{55F3B8DE-22BA-4632-BAFD-CB4AB3A210BB}"
EndProject
Project("{FAE04EC0-301F-11D3-BF4B-00C04F79EFBC}") = "Boris.BeekProject.Model", "Boris.BeekProject.Model\Boris.BeekProject.Model.csproj", "{7A10D58A-1F92-462E-B722-034EF25AE2F3}"
EndProject
Project("{FAE04EC0-301F-11D3-BF4B-00C04F79EFBC}") = "NHaml", "..\External\nhaml\src\NHaml\NHaml.csproj", "{9B885FC4-45C0-4526-9253-A799238EDD66}"
EndProject
Project("{FAE04EC0-301F-11D3-BF4B-00C04F79EFBC}") = "Boris.BeekProject.Guis.Shared", "Boris.BeekProject.Guis.Shared\Boris.BeekProject.Guis.Shared.csproj", "{FC249D92-0447-4F58-8C3D-88300058957C}"
EndProject
Project("{FAE04EC0-301F-11D3-BF4B-00C04F79EFBC}") = "Boris.BeekProject.Services", "Boris.BeekProject.Services\Boris.BeekProject.Services.csproj", "{1F4C8DAC-4248-4FC3-8422-310D51851F31}"
EndProject
Project("{FAE04EC0-301F-11D3-BF4B-00C04F79EFBC}") = "Boris.Utils.Strings", "..\Boris.Utils\Boris.Utils.Strings\Boris.Utils.Strings.csproj", "{460BCD98-0AD7-4536-9DFB-B38D33E1BF13}"
EndProject
Project("{FAE04EC0-301F-11D3-BF4B-00C04F79EFBC}") = "Boris.BeekProject.Guis.Web", "Boris.BeekProject.Guis.Web\Boris.BeekProject.Guis.Web.csproj", "{AC119B83-2502-4AE5-883C-644AD1B172E3}"
EndProject
Project("{FAE04EC0-301F-11D3-BF4B-00C04F79EFBC}") = "Boris.Utils.Mvc", "..\Boris.Utils\Boris.Utils.Mvc\Boris.Utils.Mvc.csproj", "{53B4AE97-8674-4A6D-96B5-42850DABF73D}"
EndProject
Project("{2150E333-8FDC-42A3-9474-1A3956D46DE8}") = "Tests", "Tests", "{263EF6E2-5429-4D41-86D2-D7650A4BC62C}"
EndProject
Project("{FAE04EC0-301F-11D3-BF4B-00C04F79EFBC}") = "Boris.BeekProject.Model.Tests", "Boris.BeekProject.Model.Tests\Boris.BeekProject.Model.Tests.csproj", "{31EACC69-F5D9-4315-BB3E-44F3FBE7B714}"
EndProject
Project("{2150E333-8FDC-42A3-9474-1A3956D46DE8}") = "Solution Items", "Solution Items", "{F24F314D-7423-4050-BE48-426D5D965913}"
	ProjectSection(SolutionItems) = preProject
		Boris.BeekProject.vsmdi = Boris.BeekProject.vsmdi
		LocalTestRun.testrunconfig = LocalTestRun.testrunconfig
	EndProjectSection
EndProject
Project("{FAE04EC0-301F-11D3-BF4B-00C04F79EFBC}") = "Boris.Utils.Logging", "..\Boris.Utils\Boris.Utils.Logging\Boris.Utils.Logging.csproj", "{3484159B-CFAC-44D3-A670-0DA875F44BF8}"
EndProject
Project("{FAE04EC0-301F-11D3-BF4B-00C04F79EFBC}") = "Boris.Utils.IO", "..\Boris.Utils\Boris.Utils.IO\Boris.Utils.IO.csproj", "{ED162812-90E3-4D4F-A47E-C5D0297D51D5}"
EndProject
Global
	GlobalSection(TestCaseManagementSettings) = postSolution
		CategoryFile = Boris.BeekProject.vsmdi
	EndGlobalSection
	GlobalSection(SolutionConfigurationPlatforms) = preSolution
		Debug|Any CPU = Debug|Any CPU
		Release|Any CPU = Release|Any CPU
	EndGlobalSection
	GlobalSection(ProjectConfigurationPlatforms) = postSolution
		{55F3B8DE-22BA-4632-BAFD-CB4AB3A210BB}.Debug|Any CPU.ActiveCfg = Debug|Any CPU
		{55F3B8DE-22BA-4632-BAFD-CB4AB3A210BB}.Debug|Any CPU.Build.0 = Debug|Any CPU
		{55F3B8DE-22BA-4632-BAFD-CB4AB3A210BB}.Release|Any CPU.ActiveCfg = Release|Any CPU
		{55F3B8DE-22BA-4632-BAFD-CB4AB3A210BB}.Release|Any CPU.Build.0 = Release|Any CPU
		{7A10D58A-1F92-462E-B722-034EF25AE2F3}.Debug|Any CPU.ActiveCfg = Debug|Any CPU
		{7A10D58A-1F92-462E-B722-034EF25AE2F3}.Debug|Any CPU.Build.0 = Debug|Any CPU
		{7A10D58A-1F92-462E-B722-034EF25AE2F3}.Release|Any CPU.ActiveCfg = Release|Any CPU
		{7A10D58A-1F92-462E-B722-034EF25AE2F3}.Release|Any CPU.Build.0 = Release|Any CPU
		{9B885FC4-45C0-4526-9253-A799238EDD66}.Debug|Any CPU.ActiveCfg = Debug|Any CPU
		{9B885FC4-45C0-4526-9253-A799238EDD66}.Debug|Any CPU.Build.0 = Debug|Any CPU
		{9B885FC4-45C0-4526-9253-A799238EDD66}.Release|Any CPU.ActiveCfg = Release|Any CPU
		{9B885FC4-45C0-4526-9253-A799238EDD66}.Release|Any CPU.Build.0 = Release|Any CPU
		{FC249D92-0447-4F58-8C3D-88300058957C}.Debug|Any CPU.ActiveCfg = Debug|Any CPU
		{FC249D92-0447-4F58-8C3D-88300058957C}.Debug|Any CPU.Build.0 = Debug|Any CPU
		{FC249D92-0447-4F58-8C3D-88300058957C}.Release|Any CPU.ActiveCfg = Release|Any CPU
		{FC249D92-0447-4F58-8C3D-88300058957C}.Release|Any CPU.Build.0 = Release|Any CPU
		{1F4C8DAC-4248-4FC3-8422-310D51851F31}.Debug|Any CPU.ActiveCfg = Debug|Any CPU
		{1F4C8DAC-4248-4FC3-8422-310D51851F31}.Debug|Any CPU.Build.0 = Debug|Any CPU
		{1F4C8DAC-4248-4FC3-8422-310D51851F31}.Release|Any CPU.ActiveCfg = Release|Any CPU
		{1F4C8DAC-4248-4FC3-8422-310D51851F31}.Release|Any CPU.Build.0 = Release|Any CPU
		{460BCD98-0AD7-4536-9DFB-B38D33E1BF13}.Debug|Any CPU.ActiveCfg = Debug|Any CPU
		{460BCD98-0AD7-4536-9DFB-B38D33E1BF13}.Debug|Any CPU.Build.0 = Debug|Any CPU
		{460BCD98-0AD7-4536-9DFB-B38D33E1BF13}.Release|Any CPU.ActiveCfg = Release|Any CPU
		{460BCD98-0AD7-4536-9DFB-B38D33E1BF13}.Release|Any CPU.Build.0 = Release|Any CPU
		{AC119B83-2502-4AE5-883C-644AD1B172E3}.Debug|Any CPU.ActiveCfg = Debug|Any CPU
		{AC119B83-2502-4AE5-883C-644AD1B172E3}.Debug|Any CPU.Build.0 = Debug|Any CPU
		{AC119B83-2502-4AE5-883C-644AD1B172E3}.Release|Any CPU.ActiveCfg = Release|Any CPU
		{AC119B83-2502-4AE5-883C-644AD1B172E3}.Release|Any CPU.Build.0 = Release|Any CPU
		{53B4AE97-8674-4A6D-96B5-42850DABF73D}.Debug|Any CPU.ActiveCfg = Debug|Any CPU
		{53B4AE97-8674-4A6D-96B5-42850DABF73D}.Debug|Any CPU.Build.0 = Debug|Any CPU
		{53B4AE97-8674-4A6D-96B5-42850DABF73D}.Release|Any CPU.ActiveCfg = Release|Any CPU
		{53B4AE97-8674-4A6D-96B5-42850DABF73D}.Release|Any CPU.Build.0 = Release|Any CPU
		{31EACC69-F5D9-4315-BB3E-44F3FBE7B714}.Debug|Any CPU.ActiveCfg = Debug|Any CPU
		{31EACC69-F5D9-4315-BB3E-44F3FBE7B714}.Debug|Any CPU.Build.0 = Debug|Any CPU
		{31EACC69-F5D9-4315-BB3E-44F3FBE7B714}.Release|Any CPU.ActiveCfg = Release|Any CPU
		{31EACC69-F5D9-4315-BB3E-44F3FBE7B714}.Release|Any CPU.Build.0 = Release|Any CPU
		{3484159B-CFAC-44D3-A670-0DA875F44BF8}.Debug|Any CPU.ActiveCfg = Debug|Any CPU
		{3484159B-CFAC-44D3-A670-0DA875F44BF8}.Debug|Any CPU.Build.0 = Debug|Any CPU
		{3484159B-CFAC-44D3-A670-0DA875F44BF8}.Release|Any CPU.ActiveCfg = Release|Any CPU
		{3484159B-CFAC-44D3-A670-0DA875F44BF8}.Release|Any CPU.Build.0 = Release|Any CPU
		{ED162812-90E3-4D4F-A47E-C5D0297D51D5}.Debug|Any CPU.ActiveCfg = Debug|Any CPU
		{ED162812-90E3-4D4F-A47E-C5D0297D51D5}.Debug|Any CPU.Build.0 = Debug|Any CPU
		{ED162812-90E3-4D4F-A47E-C5D0297D51D5}.Release|Any CPU.ActiveCfg = Release|Any CPU
		{ED162812-90E3-4D4F-A47E-C5D0297D51D5}.Release|Any CPU.Build.0 = Release|Any CPU
	EndGlobalSection
	GlobalSection(SolutionProperties) = preSolution
		HideSolutionNode = FALSE
	EndGlobalSection
	GlobalSection(NestedProjects) = preSolution
		{7A10D58A-1F92-462E-B722-034EF25AE2F3} = {671EA85F-5F9A-4C59-8C25-0649DE02C6D3}
		{9B885FC4-45C0-4526-9253-A799238EDD66} = {671EA85F-5F9A-4C59-8C25-0649DE02C6D3}
		{1F4C8DAC-4248-4FC3-8422-310D51851F31} = {671EA85F-5F9A-4C59-8C25-0649DE02C6D3}
		{263EF6E2-5429-4D41-86D2-D7650A4BC62C} = {671EA85F-5F9A-4C59-8C25-0649DE02C6D3}
		{55F3B8DE-22BA-4632-BAFD-CB4AB3A210BB} = {D14A770C-1B48-4E98-A494-19345CCF37CC}
		{460BCD98-0AD7-4536-9DFB-B38D33E1BF13} = {D14A770C-1B48-4E98-A494-19345CCF37CC}
		{53B4AE97-8674-4A6D-96B5-42850DABF73D} = {D14A770C-1B48-4E98-A494-19345CCF37CC}
		{3484159B-CFAC-44D3-A670-0DA875F44BF8} = {D14A770C-1B48-4E98-A494-19345CCF37CC}
		{ED162812-90E3-4D4F-A47E-C5D0297D51D5} = {D14A770C-1B48-4E98-A494-19345CCF37CC}
		{FC249D92-0447-4F58-8C3D-88300058957C} = {F61C7CC3-C439-466A-8113-BD196F9A2A4D}
		{AC119B83-2502-4AE5-883C-644AD1B172E3} = {F61C7CC3-C439-466A-8113-BD196F9A2A4D}
		{31EACC69-F5D9-4315-BB3E-44F3FBE7B714} = {263EF6E2-5429-4D41-86D2-D7650A4BC62C}
		{F24F314D-7423-4050-BE48-426D5D965913} = {263EF6E2-5429-4D41-86D2-D7650A4BC62C}
	EndGlobalSection
EndGlobal
