
Microsoft Visual Studio Solution File, Format Version 9.00
# Visual Studio 2005
Project("{E24C65DC-7377-472B-9ABA-BC803B73C61A}") = "D:\...\BeekWebsite\", "BeekWebsite\", "{75CA579D-2EE3-4F49-A9B3-91019D3A230A}"
	ProjectSection(WebsiteProperties) = preProject
		Debug.AspNetCompiler.VirtualPath = "/BeekWebsite"
		Debug.AspNetCompiler.PhysicalPath = "BeekWebsite\"
		Debug.AspNetCompiler.TargetPath = "PrecompiledWeb\BeekWebsite\"
		Debug.AspNetCompiler.Updateable = "true"
		Debug.AspNetCompiler.ForceOverwrite = "true"
		Debug.AspNetCompiler.FixedNames = "false"
		Debug.AspNetCompiler.Debug = "True"
		Release.AspNetCompiler.VirtualPath = "/BeekWebsite"
		Release.AspNetCompiler.PhysicalPath = "BeekWebsite\"
		Release.AspNetCompiler.TargetPath = "PrecompiledWeb\BeekWebsite\"
		Release.AspNetCompiler.Updateable = "true"
		Release.AspNetCompiler.ForceOverwrite = "true"
		Release.AspNetCompiler.FixedNames = "false"
		Release.AspNetCompiler.Debug = "False"
		VWDPort = "4893"
	EndProjectSection
EndProject
Project("{FAE04EC0-301F-11D3-BF4B-00C04F79EFBC}") = "BeekDataLayer", "BeekDataLayer\BeekDataLayer.csproj", "{3156EA15-4684-48E7-909E-437C3C55ED08}"
EndProject
Project("{FAE04EC0-301F-11D3-BF4B-00C04F79EFBC}") = "BeekHelpers", "BeekHelpers\BeekHelpers.csproj", "{ECC817DC-8B68-4F5D-B2C3-B33800E5FBF9}"
EndProject
Project("{FAE04EC0-301F-11D3-BF4B-00C04F79EFBC}") = "BeekControls", "BeekControls\BeekControls.csproj", "{F4E638B0-D26E-47F1-9AD5-A7A6F2FB715A}"
EndProject
Global
	GlobalSection(SolutionConfigurationPlatforms) = preSolution
		Debug|.NET = Debug|.NET
		Debug|Any CPU = Debug|Any CPU
		Debug|Mixed Platforms = Debug|Mixed Platforms
		Release|.NET = Release|.NET
		Release|Any CPU = Release|Any CPU
		Release|Mixed Platforms = Release|Mixed Platforms
	EndGlobalSection
	GlobalSection(ProjectConfigurationPlatforms) = postSolution
		{75CA579D-2EE3-4F49-A9B3-91019D3A230A}.Debug|.NET.ActiveCfg = Debug|.NET
		{75CA579D-2EE3-4F49-A9B3-91019D3A230A}.Debug|.NET.Build.0 = Debug|.NET
		{75CA579D-2EE3-4F49-A9B3-91019D3A230A}.Debug|Any CPU.ActiveCfg = Debug|.NET
		{75CA579D-2EE3-4F49-A9B3-91019D3A230A}.Debug|Mixed Platforms.ActiveCfg = Debug|.NET
		{75CA579D-2EE3-4F49-A9B3-91019D3A230A}.Release|.NET.ActiveCfg = Debug|.NET
		{75CA579D-2EE3-4F49-A9B3-91019D3A230A}.Release|.NET.Build.0 = Debug|.NET
		{75CA579D-2EE3-4F49-A9B3-91019D3A230A}.Release|Any CPU.ActiveCfg = Debug|.NET
		{75CA579D-2EE3-4F49-A9B3-91019D3A230A}.Release|Mixed Platforms.ActiveCfg = Debug|.NET
		{75CA579D-2EE3-4F49-A9B3-91019D3A230A}.Release|Mixed Platforms.Build.0 = Debug|.NET
		{3156EA15-4684-48E7-909E-437C3C55ED08}.Debug|.NET.ActiveCfg = Debug|Any CPU
		{3156EA15-4684-48E7-909E-437C3C55ED08}.Debug|Any CPU.ActiveCfg = Debug|Any CPU
		{3156EA15-4684-48E7-909E-437C3C55ED08}.Debug|Any CPU.Build.0 = Debug|Any CPU
		{3156EA15-4684-48E7-909E-437C3C55ED08}.Debug|Mixed Platforms.ActiveCfg = Debug|Any CPU
		{3156EA15-4684-48E7-909E-437C3C55ED08}.Debug|Mixed Platforms.Build.0 = Debug|Any CPU
		{3156EA15-4684-48E7-909E-437C3C55ED08}.Release|.NET.ActiveCfg = Release|Any CPU
		{3156EA15-4684-48E7-909E-437C3C55ED08}.Release|Any CPU.ActiveCfg = Release|Any CPU
		{3156EA15-4684-48E7-909E-437C3C55ED08}.Release|Any CPU.Build.0 = Release|Any CPU
		{3156EA15-4684-48E7-909E-437C3C55ED08}.Release|Mixed Platforms.ActiveCfg = Release|Any CPU
		{3156EA15-4684-48E7-909E-437C3C55ED08}.Release|Mixed Platforms.Build.0 = Release|Any CPU
		{ECC817DC-8B68-4F5D-B2C3-B33800E5FBF9}.Debug|.NET.ActiveCfg = Debug|Any CPU
		{ECC817DC-8B68-4F5D-B2C3-B33800E5FBF9}.Debug|Any CPU.ActiveCfg = Debug|Any CPU
		{ECC817DC-8B68-4F5D-B2C3-B33800E5FBF9}.Debug|Any CPU.Build.0 = Debug|Any CPU
		{ECC817DC-8B68-4F5D-B2C3-B33800E5FBF9}.Debug|Mixed Platforms.ActiveCfg = Debug|Any CPU
		{ECC817DC-8B68-4F5D-B2C3-B33800E5FBF9}.Debug|Mixed Platforms.Build.0 = Debug|Any CPU
		{ECC817DC-8B68-4F5D-B2C3-B33800E5FBF9}.Release|.NET.ActiveCfg = Release|Any CPU
		{ECC817DC-8B68-4F5D-B2C3-B33800E5FBF9}.Release|Any CPU.ActiveCfg = Release|Any CPU
		{ECC817DC-8B68-4F5D-B2C3-B33800E5FBF9}.Release|Any CPU.Build.0 = Release|Any CPU
		{ECC817DC-8B68-4F5D-B2C3-B33800E5FBF9}.Release|Mixed Platforms.ActiveCfg = Release|Any CPU
		{ECC817DC-8B68-4F5D-B2C3-B33800E5FBF9}.Release|Mixed Platforms.Build.0 = Release|Any CPU
		{F4E638B0-D26E-47F1-9AD5-A7A6F2FB715A}.Debug|.NET.ActiveCfg = Debug|Any CPU
		{F4E638B0-D26E-47F1-9AD5-A7A6F2FB715A}.Debug|Any CPU.ActiveCfg = Debug|Any CPU
		{F4E638B0-D26E-47F1-9AD5-A7A6F2FB715A}.Debug|Any CPU.Build.0 = Debug|Any CPU
		{F4E638B0-D26E-47F1-9AD5-A7A6F2FB715A}.Debug|Mixed Platforms.ActiveCfg = Debug|Any CPU
		{F4E638B0-D26E-47F1-9AD5-A7A6F2FB715A}.Debug|Mixed Platforms.Build.0 = Debug|Any CPU
		{F4E638B0-D26E-47F1-9AD5-A7A6F2FB715A}.Release|.NET.ActiveCfg = Release|Any CPU
		{F4E638B0-D26E-47F1-9AD5-A7A6F2FB715A}.Release|Any CPU.ActiveCfg = Release|Any CPU
		{F4E638B0-D26E-47F1-9AD5-A7A6F2FB715A}.Release|Any CPU.Build.0 = Release|Any CPU
		{F4E638B0-D26E-47F1-9AD5-A7A6F2FB715A}.Release|Mixed Platforms.ActiveCfg = Release|Any CPU
		{F4E638B0-D26E-47F1-9AD5-A7A6F2FB715A}.Release|Mixed Platforms.Build.0 = Release|Any CPU
	EndGlobalSection
	GlobalSection(SolutionProperties) = preSolution
		HideSolutionNode = FALSE
	EndGlobalSection
EndGlobal
