
Microsoft Visual Studio Solution File, Format Version 10.00
# Visual Studio 2008
Project("{FAE04EC0-301F-11D3-BF4B-00C04F79EFBC}") = "Boris.Utils.NHaml", "Boris.Utils.NHaml.csproj", "{55F3B8DE-22BA-4632-BAFD-CB4AB3A210BB}"
EndProject
Global
	GlobalSection(SolutionConfigurationPlatforms) = preSolution
		Debug|Any CPU = Debug|Any CPU
		Release|Any CPU = Release|Any CPU
	EndGlobalSection
	GlobalSection(ProjectConfigurationPlatforms) = postSolution
		{55F3B8DE-22BA-4632-BAFD-CB4AB3A210BB}.Debug|Any CPU.ActiveCfg = Debug|Any CPU
		{55F3B8DE-22BA-4632-BAFD-CB4AB3A210BB}.Debug|Any CPU.Build.0 = Debug|Any CPU
		{55F3B8DE-22BA-4632-BAFD-CB4AB3A210BB}.Release|Any CPU.ActiveCfg = Release|Any CPU
		{55F3B8DE-22BA-4632-BAFD-CB4AB3A210BB}.Release|Any CPU.Build.0 = Release|Any CPU
	EndGlobalSection
	GlobalSection(SolutionProperties) = preSolution
		HideSolutionNode = FALSE
	EndGlobalSection
EndGlobal
